{
  "name": "easy",
  "lockfileVersion": 3,
  "requires": true,
  "packages": {
    "": {
      "dependencies": {
        "@countrystatecity/countries": "^1.0.4"
      }
    },
    "node_modules/@countrystatecity/countries": {
      "version": "1.0.4",
      "resolved": "https://registry.npmjs.org/@countrystatecity/countries/-/countries-1.0.4.tgz",
      "integrity": "sha512-BQyZJ5fUps+ArptYRvLoCzfKGsIz3yCMcGc/Pgi4fSSHGKI5YlsefGeblFUnkIFuSpOMnb/GAu/GL/hzz0Kq9g==",
      "license": "ODbL-1.0"
    }
  }
}
